
Microsoft Visual Studio Solution File, Format Version 12.00
Project("{FAE04EC0-301F-11D3-BF4B-00C04F79EFBC}") = "CosmosOdysseyAPI", "CosmosOdysseyAPI\CosmosOdysseyAPI.csproj", "{EE79594E-885E-423D-9A8F-8CE2407A5DDA}"
EndProject
Global
	GlobalSection(SolutionConfigurationPlatforms) = preSolution
		Debug|Any CPU = Debug|Any CPU
		Release|Any CPU = Release|Any CPU
	EndGlobalSection
	GlobalSection(ProjectConfigurationPlatforms) = postSolution
		{EE79594E-885E-423D-9A8F-8CE2407A5DDA}.Debug|Any CPU.ActiveCfg = Debug|Any CPU
		{EE79594E-885E-423D-9A8F-8CE2407A5DDA}.Debug|Any CPU.Build.0 = Debug|Any CPU
		{EE79594E-885E-423D-9A8F-8CE2407A5DDA}.Release|Any CPU.ActiveCfg = Release|Any CPU
		{EE79594E-885E-423D-9A8F-8CE2407A5DDA}.Release|Any CPU.Build.0 = Release|Any CPU
	EndGlobalSection
EndGlobal
